#MicroXplorer Configuration settings - do not modify
ADC1.Channel-11\#ChannelRegularConversion=ADC_CHANNEL_3
ADC1.Channel-21\#ChannelRegularConversion=ADC_CHANNEL_4
ADC1.Channel-22\#ChannelRegularConversion=ADC_CHANNEL_TEMPSENSOR_ADC1
ADC1.ClockPrescaler=ADC_CLOCK_ASYNC_DIV4
ADC1.CommonPathInternal=null|ADC_CHANNEL_TEMPSENSOR_ADC1|null|null
ADC1.ContinuousConvMode=ENABLE
ADC1.DMAContinuousRequests=ENABLE
ADC1.DiscontinuousConvMode=DISABLE
ADC1.EnableAnalogWatchDog1=false
ADC1.EnableInjectedConversion=DISABLE
ADC1.EnableRegularConversion=ENABLE
ADC1.ExternalTrigConv=ADC_SOFTWARE_START
ADC1.ExternalTrigConvEdge=ADC_EXTERNALTRIGCONVEDGE_NONE
ADC1.IPParameters=EnableInjectedConversion,ContinuousConvMode,EnableRegularConversion,DMAContinuousRequests,DiscontinuousConvMode,Overrun,Rank-11\#ChannelRegularConversion,Channel-11\#ChannelRegularConversion,SamplingTime-11\#ChannelRegularConversion,OffsetNumber-11\#ChannelRegularConversion,NbrOfConversionFlag,NbrOfConversion,ExternalTrigConv,ExternalTrigConvEdge,ClockPrescaler,Rank-21\#ChannelRegularConversion,Channel-21\#ChannelRegularConversion,SamplingTime-21\#ChannelRegularConversion,OffsetNumber-21\#ChannelRegularConversion,Rank-22\#ChannelRegularConversion,Channel-22\#ChannelRegularConversion,SamplingTime-22\#ChannelRegularConversion,OffsetNumber-22\#ChannelRegularConversion,EnableAnalogWatchDog1,master,CommonPathInternal
ADC1.NbrOfConversion=3
ADC1.NbrOfConversionFlag=1
ADC1.OffsetNumber-11\#ChannelRegularConversion=ADC_OFFSET_NONE
ADC1.OffsetNumber-21\#ChannelRegularConversion=ADC_OFFSET_NONE
ADC1.OffsetNumber-22\#ChannelRegularConversion=ADC_OFFSET_NONE
ADC1.Overrun=ADC_OVR_DATA_PRESERVED
ADC1.Rank-11\#ChannelRegularConversion=1
ADC1.Rank-21\#ChannelRegularConversion=2
ADC1.Rank-22\#ChannelRegularConversion=3
ADC1.SamplingTime-11\#ChannelRegularConversion=ADC_SAMPLETIME_247CYCLES_5
ADC1.SamplingTime-21\#ChannelRegularConversion=ADC_SAMPLETIME_247CYCLES_5
ADC1.SamplingTime-22\#ChannelRegularConversion=ADC_SAMPLETIME_247CYCLES_5
ADC1.master=1
ADC2.AWD1HighThreshold=2000
ADC2.AWD1ITMode=ENABLE
ADC2.Channel-4\#ChannelRegularConversion=ADC_CHANNEL_2
ADC2.Channel-5\#ChannelRegularConversion=ADC_CHANNEL_10
ADC2.ClockPrescaler=ADC_CLOCK_ASYNC_DIV4
ADC2.CommonPathInternal=null|null|null|null
ADC2.ContinuousConvMode=DISABLE
ADC2.DMAContinuousRequests=DISABLE
ADC2.EnableAnalogWatchDog1=true
ADC2.IPParameters=Rank-4\#ChannelRegularConversion,ClockPrescaler,Channel-4\#ChannelRegularConversion,SamplingTime-4\#ChannelRegularConversion,OffsetNumber-4\#ChannelRegularConversion,NbrOfConversionFlag,Rank-5\#ChannelRegularConversion,Channel-5\#ChannelRegularConversion,SamplingTime-5\#ChannelRegularConversion,OffsetNumber-5\#ChannelRegularConversion,NbrOfConversion,DMAContinuousRequests,ContinuousConvMode,EnableAnalogWatchDog1,WatchdogChannel,AWD1HighThreshold,AWD1ITMode,CommonPathInternal
ADC2.NbrOfConversion=2
ADC2.NbrOfConversionFlag=1
ADC2.OffsetNumber-4\#ChannelRegularConversion=ADC_OFFSET_NONE
ADC2.OffsetNumber-5\#ChannelRegularConversion=ADC_OFFSET_NONE
ADC2.Rank-4\#ChannelRegularConversion=1
ADC2.Rank-5\#ChannelRegularConversion=2
ADC2.SamplingTime-4\#ChannelRegularConversion=ADC_SAMPLETIME_2CYCLES_5
ADC2.SamplingTime-5\#ChannelRegularConversion=ADC_SAMPLETIME_2CYCLES_5
ADC2.WatchdogChannel=ADC_CHANNEL_2
CAD.formats=
CAD.pinconfig=
CAD.provider=
Dma.ADC1.1.Direction=DMA_PERIPH_TO_MEMORY
Dma.ADC1.1.EventEnable=DISABLE
Dma.ADC1.1.Instance=DMA1_Channel3
Dma.ADC1.1.MemDataAlignment=DMA_MDATAALIGN_HALFWORD
Dma.ADC1.1.MemInc=DMA_MINC_ENABLE
Dma.ADC1.1.Mode=DMA_CIRCULAR
Dma.ADC1.1.PeriphDataAlignment=DMA_PDATAALIGN_HALFWORD
Dma.ADC1.1.PeriphInc=DMA_PINC_DISABLE
Dma.ADC1.1.Polarity=HAL_DMAMUX_REQ_GEN_RISING
Dma.ADC1.1.Priority=DMA_PRIORITY_LOW
Dma.ADC1.1.RequestNumber=1
Dma.ADC1.1.RequestParameters=Instance,Direction,PeriphInc,MemInc,PeriphDataAlignment,MemDataAlignment,Mode,Priority,SignalID,Polarity,RequestNumber,SyncSignalID,SyncPolarity,SyncEnable,EventEnable,SyncRequestNumber
Dma.ADC1.1.SignalID=NONE
Dma.ADC1.1.SyncEnable=DISABLE
Dma.ADC1.1.SyncPolarity=HAL_DMAMUX_SYNC_NO_EVENT
Dma.ADC1.1.SyncRequestNumber=1
Dma.ADC1.1.SyncSignalID=NONE
Dma.Request0=SPI2_TX
Dma.Request1=ADC1
Dma.Request2=USART1_TX
Dma.RequestsNb=3
Dma.SPI2_TX.0.Direction=DMA_MEMORY_TO_PERIPH
Dma.SPI2_TX.0.EventEnable=DISABLE
Dma.SPI2_TX.0.Instance=DMA1_Channel1
Dma.SPI2_TX.0.MemDataAlignment=DMA_MDATAALIGN_BYTE
Dma.SPI2_TX.0.MemInc=DMA_MINC_ENABLE
Dma.SPI2_TX.0.Mode=DMA_NORMAL
Dma.SPI2_TX.0.PeriphDataAlignment=DMA_PDATAALIGN_BYTE
Dma.SPI2_TX.0.PeriphInc=DMA_PINC_DISABLE
Dma.SPI2_TX.0.Polarity=HAL_DMAMUX_REQ_GEN_RISING
Dma.SPI2_TX.0.Priority=DMA_PRIORITY_LOW
Dma.SPI2_TX.0.RequestNumber=1
Dma.SPI2_TX.0.RequestParameters=Instance,Direction,PeriphInc,MemInc,PeriphDataAlignment,MemDataAlignment,Mode,Priority,SignalID,Polarity,RequestNumber,SyncSignalID,SyncPolarity,SyncEnable,EventEnable,SyncRequestNumber
Dma.SPI2_TX.0.SignalID=NONE
Dma.SPI2_TX.0.SyncEnable=DISABLE
Dma.SPI2_TX.0.SyncPolarity=HAL_DMAMUX_SYNC_NO_EVENT
Dma.SPI2_TX.0.SyncRequestNumber=1
Dma.SPI2_TX.0.SyncSignalID=NONE
Dma.USART1_TX.2.Direction=DMA_MEMORY_TO_PERIPH
Dma.USART1_TX.2.EventEnable=DISABLE
Dma.USART1_TX.2.Instance=DMA1_Channel2
Dma.USART1_TX.2.MemDataAlignment=DMA_MDATAALIGN_BYTE
Dma.USART1_TX.2.MemInc=DMA_MINC_ENABLE
Dma.USART1_TX.2.Mode=DMA_NORMAL
Dma.USART1_TX.2.PeriphDataAlignment=DMA_PDATAALIGN_BYTE
Dma.USART1_TX.2.PeriphInc=DMA_PINC_DISABLE
Dma.USART1_TX.2.Polarity=HAL_DMAMUX_REQ_GEN_RISING
Dma.USART1_TX.2.Priority=DMA_PRIORITY_LOW
Dma.USART1_TX.2.RequestNumber=1
Dma.USART1_TX.2.RequestParameters=Instance,Direction,PeriphInc,MemInc,PeriphDataAlignment,MemDataAlignment,Mode,Priority,SignalID,Polarity,RequestNumber,SyncSignalID,SyncPolarity,SyncEnable,EventEnable,SyncRequestNumber
Dma.USART1_TX.2.SignalID=NONE
Dma.USART1_TX.2.SyncEnable=DISABLE
Dma.USART1_TX.2.SyncPolarity=HAL_DMAMUX_SYNC_NO_EVENT
Dma.USART1_TX.2.SyncRequestNumber=1
Dma.USART1_TX.2.SyncSignalID=NONE
File.Version=6
GPIO.groupedBy=Group By Peripherals
I2C1.IPParameters=Timing
I2C1.Timing=0x30A0A7FB
KeepUserPlacement=false
Mcu.CPN=STM32G431CBT6
Mcu.Family=STM32G4
Mcu.IP0=ADC1
Mcu.IP1=ADC2
Mcu.IP10=TIM2
Mcu.IP11=TIM4
Mcu.IP12=TIM6
Mcu.IP13=TIM7
Mcu.IP14=TIM8
Mcu.IP15=TIM16
Mcu.IP16=TIM17
Mcu.IP17=USART1
Mcu.IP2=CRC
Mcu.IP3=DMA
Mcu.IP4=I2C1
Mcu.IP5=NVIC
Mcu.IP6=RCC
Mcu.IP7=SPI2
Mcu.IP8=SYS
Mcu.IP9=TIM1
Mcu.IPNb=18
Mcu.Name=STM32G431C(6-8-B)Tx
Mcu.Package=LQFP48
Mcu.Pin0=PC13
Mcu.Pin1=PC14-OSC32_IN
Mcu.Pin10=PA5
Mcu.Pin11=PA6
Mcu.Pin12=PA7
Mcu.Pin13=PB0
Mcu.Pin14=PB1
Mcu.Pin15=PB2
Mcu.Pin16=PB10
Mcu.Pin17=PB11
Mcu.Pin18=PB12
Mcu.Pin19=PB13
Mcu.Pin2=PC15-OSC32_OUT
Mcu.Pin20=PB14
Mcu.Pin21=PB15
Mcu.Pin22=PA8
Mcu.Pin23=PA9
Mcu.Pin24=PA10
Mcu.Pin25=PA13
Mcu.Pin26=PA14
Mcu.Pin27=PA15
Mcu.Pin28=PB3
Mcu.Pin29=PB5
Mcu.Pin3=PF0-OSC_IN
Mcu.Pin30=PB7
Mcu.Pin31=PB8-BOOT0
Mcu.Pin32=PB9
Mcu.Pin33=VP_ADC1_TempSens_Input
Mcu.Pin34=VP_CRC_VS_CRC
Mcu.Pin35=VP_SYS_VS_Systick
Mcu.Pin36=VP_SYS_VS_DBSignals
Mcu.Pin37=VP_TIM1_VS_no_output1
Mcu.Pin38=VP_TIM6_VS_ClockSourceINT
Mcu.Pin39=VP_TIM7_VS_ClockSourceINT
Mcu.Pin4=PF1-OSC_OUT
Mcu.Pin40=VP_TIM7_VS_OPM
Mcu.Pin41=VP_TIM8_VS_OPM
Mcu.Pin42=VP_TIM16_VS_ClockSourceINT
Mcu.Pin43=VP_TIM17_VS_ClockSourceINT
Mcu.Pin44=VP_TIM17_VS_OPM
Mcu.Pin5=PA0
Mcu.Pin6=PA1
Mcu.Pin7=PA2
Mcu.Pin8=PA3
Mcu.Pin9=PA4
Mcu.PinsNb=45
Mcu.ThirdPartyNb=0
Mcu.UserConstants=
Mcu.UserName=STM32G431CBTx
MxCube.Version=6.10.0
MxDb.Version=DB.6.0.100
NVIC.ADC1_2_IRQn=true\:10\:0\:true\:false\:true\:true\:true\:true
NVIC.BusFault_IRQn=true\:0\:0\:false\:false\:true\:false\:false\:false
NVIC.DMA1_Channel1_IRQn=true\:0\:0\:true\:false\:true\:false\:true\:true
NVIC.DMA1_Channel2_IRQn=true\:0\:0\:false\:false\:true\:false\:true\:true
NVIC.DMA1_Channel3_IRQn=true\:0\:0\:false\:false\:true\:false\:true\:true
NVIC.DebugMonitor_IRQn=true\:0\:0\:false\:false\:true\:false\:false\:false
NVIC.EXTI9_5_IRQn=true\:0\:0\:false\:false\:true\:true\:true\:true
NVIC.ForceEnableDMAVector=true
NVIC.HardFault_IRQn=true\:0\:0\:false\:false\:true\:false\:false\:false
NVIC.MemoryManagement_IRQn=true\:0\:0\:false\:false\:true\:false\:false\:false
NVIC.NonMaskableInt_IRQn=true\:0\:0\:false\:false\:true\:false\:false\:false
NVIC.PendSV_IRQn=true\:0\:0\:false\:false\:true\:false\:false\:false
NVIC.PriorityGroup=NVIC_PRIORITYGROUP_4
NVIC.SVCall_IRQn=true\:0\:0\:false\:false\:true\:false\:false\:false
NVIC.SysTick_IRQn=true\:15\:0\:false\:false\:true\:false\:true\:false
NVIC.TIM1_BRK_TIM15_IRQn=true\:0\:0\:false\:false\:true\:true\:true\:true
NVIC.TIM1_CC_IRQn=true\:0\:0\:false\:false\:true\:true\:true\:true
NVIC.TIM1_TRG_COM_TIM17_IRQn=true\:0\:0\:false\:false\:true\:true\:true\:true
NVIC.TIM1_UP_TIM16_IRQn=true\:0\:0\:false\:false\:true\:true\:true\:true
NVIC.TIM6_DAC_IRQn=true\:0\:0\:false\:false\:true\:true\:true\:true
NVIC.TIM7_IRQn=true\:0\:0\:false\:false\:true\:true\:true\:true
NVIC.USART1_IRQn=true\:0\:0\:false\:false\:true\:true\:true\:true
NVIC.UsageFault_IRQn=true\:0\:0\:false\:false\:true\:false\:false\:false
PA0.GPIOParameters=GPIO_Label
PA0.GPIO_Label=ENC_A
PA0.Signal=S_TIM2_CH1
PA1.GPIOParameters=GPIO_Label
PA1.GPIO_Label=I_LEAK
PA1.Locked=true
PA1.Mode=IN2-Single-Ended
PA1.Signal=ADC2_IN2
PA10.Mode=Asynchronous
PA10.Signal=USART1_RX
PA13.Mode=Serial_Wire
PA13.Signal=SYS_JTMS-SWDIO
PA14.Mode=Serial_Wire
PA14.Signal=SYS_JTCK-SWCLK
PA15.Locked=true
PA15.Mode=I2C
PA15.Signal=I2C1_SCL
PA2.GPIOParameters=GPIO_Label
PA2.GPIO_Label=VBUS
PA2.Mode=IN3-Single-Ended
PA2.Signal=ADC1_IN3
PA3.GPIOParameters=GPIO_Label
PA3.GPIO_Label=THERMOCOUPLE
PA3.Mode=IN4-Single-Ended
PA3.Signal=ADC1_IN4
PA4.GPIOParameters=GPIO_Label
PA4.GPIO_Label=HANDLE_INP_1
PA4.Locked=true
PA4.Signal=GPIO_Input
PA5.GPIOParameters=GPIO_Label
PA5.GPIO_Label=HANDLE_INP_2
PA5.Locked=true
PA5.Signal=GPIO_Input
PA6.GPIOParameters=GPIO_Label
PA6.GPIO_Label=STAND_INP
PA6.Locked=true
PA6.Signal=GPIO_Input
PA7.GPIOParameters=GPIO_Label
PA7.GPIO_Label=SW_2
PA7.Locked=true
PA7.Signal=GPXTI7
PA8.GPIOParameters=GPIO_Label
PA8.GPIO_Label=USR_1
PA8.Locked=true
PA8.Signal=GPIO_Output
PA9.Mode=Asynchronous
PA9.Signal=USART1_TX
PB0.GPIOParameters=GPIO_Label
PB0.GPIO_Label=USR_2
PB0.Locked=true
PB0.Signal=GPIO_Output
PB1.GPIOParameters=GPIO_Label
PB1.GPIO_Label=USR_3
PB1.Locked=true
PB1.Signal=GPIO_Output
PB10.GPIOParameters=GPIO_Label
PB10.GPIO_Label=SPI2_SD_CS
PB10.Locked=true
PB10.Signal=GPIO_Output
PB11.GPIOParameters=GPIO_Label
PB11.GPIO_Label=SPI2_DC
PB11.Locked=true
PB11.Signal=GPIO_Output
PB12.GPIOParameters=GPIO_Label
PB12.GPIO_Label=SPI2_RST
PB12.Locked=true
PB12.Signal=GPIO_Output
PB13.Locked=true
PB13.Mode=Simplex_Bidirectional_Master
PB13.Signal=SPI2_SCK
PB14.GPIOParameters=GPIO_Label
PB14.GPIO_Label=SPI2_CS
PB14.Locked=true
PB14.Signal=GPIO_Output
PB15.Mode=Simplex_Bidirectional_Master
PB15.Signal=SPI2_MOSI
PB2.GPIOParameters=GPIO_Label
PB2.GPIO_Label=USR_4
PB2.Locked=true
PB2.Signal=GPIO_Output
PB3.GPIOParameters=GPIO_Label
PB3.GPIO_Label=ENC_B
PB3.Locked=true
PB3.Signal=S_TIM2_CH2
PB5.GPIOParameters=GPIO_Label
PB5.GPIO_Label=SW_1
PB5.Locked=true
PB5.Signal=GPXTI5
PB7.GPIOParameters=GPIO_Label
PB7.GPIO_Label=BUZZER
PB7.Signal=S_TIM4_CH2
PB8-BOOT0.GPIOParameters=GPIO_Label
PB8-BOOT0.GPIO_Label=SW_3
PB8-BOOT0.Locked=true
PB8-BOOT0.Signal=GPXTI8
PB9.Locked=true
PB9.Mode=I2C
PB9.Signal=I2C1_SDA
PC13.GPIOParameters=GPIO_Label
PC13.GPIO_Label=VERSION_BIT_1
PC13.Locked=true
PC13.Signal=GPIO_Input
PC14-OSC32_IN.GPIOParameters=GPIO_Label
PC14-OSC32_IN.GPIO_Label=VERSION_BIT_2
PC14-OSC32_IN.Locked=true
PC14-OSC32_IN.Signal=GPIO_Input
PC15-OSC32_OUT.GPIOParameters=GPIO_Label
PC15-OSC32_OUT.GPIO_Label=VERSION_BIT_3
PC15-OSC32_OUT.Locked=true
PC15-OSC32_OUT.Signal=GPIO_Input
PF0-OSC_IN.GPIOParameters=GPIO_Label
PF0-OSC_IN.GPIO_Label=HEATER
PF0-OSC_IN.Mode=PWM Generation3 CH3N
PF0-OSC_IN.Signal=TIM1_CH3N
PF1-OSC_OUT.GPIOParameters=GPIO_Label
PF1-OSC_OUT.GPIO_Label=CURRENT
PF1-OSC_OUT.Locked=true
PF1-OSC_OUT.Mode=IN10-Single-Ended
PF1-OSC_OUT.Signal=ADC2_IN10
PinOutPanel.RotationAngle=0
ProjectManager.AskForMigrate=true
ProjectManager.BackupPrevious=false
ProjectManager.CompilerOptimize=6
ProjectManager.ComputerToolchain=false
ProjectManager.CoupleFile=false
ProjectManager.CustomerFirmwarePackage=
ProjectManager.DefaultFWLocation=true
ProjectManager.DeletePrevious=true
ProjectManager.DeviceId=STM32G431CBTx
ProjectManager.FirmwarePackage=STM32Cube FW_G4 V1.5.2
ProjectManager.FreePins=false
ProjectManager.HalAssertFull=false
ProjectManager.HeapSize=0x200
ProjectManager.KeepUserCode=true
ProjectManager.LastFirmware=true
ProjectManager.LibraryCopy=1
ProjectManager.MainLocation=Core/Src
ProjectManager.NoMain=false
ProjectManager.PreviousToolchain=
ProjectManager.ProjectBuild=false
ProjectManager.ProjectFileName=AxxSolder.ioc
ProjectManager.ProjectName=AxxSolder
ProjectManager.ProjectStructure=
ProjectManager.RegisterCallBack=
ProjectManager.StackSize=0x400
ProjectManager.TargetToolchain=STM32CubeIDE
ProjectManager.ToolChainLocation=
ProjectManager.UAScriptAfterPath=
ProjectManager.UAScriptBeforePath=
ProjectManager.UnderRoot=true
ProjectManager.functionlistsort=1-SystemClock_Config-RCC-false-HAL-false,2-MX_GPIO_Init-GPIO-false-HAL-true,3-MX_DMA_Init-DMA-false-HAL-true,4-MX_ADC1_Init-ADC1-false-HAL-true,5-MX_ADC2_Init-ADC2-false-HAL-true,6-MX_CRC_Init-CRC-false-HAL-true,7-MX_TIM1_Init-TIM1-false-HAL-true,8-MX_TIM2_Init-TIM2-false-HAL-true,9-MX_TIM4_Init-TIM4-false-HAL-true,10-MX_SPI2_Init-SPI2-false-HAL-true,11-MX_I2C1_Init-I2C1-false-HAL-true,12-MX_TIM17_Init-TIM17-false-HAL-true,13-MX_USART1_UART_Init-USART1-false-HAL-true,14-MX_TIM7_Init-TIM7-false-HAL-true,15-MX_TIM8_Init-TIM8-false-HAL-true,16-MX_TIM6_Init-TIM6-false-HAL-true,17-MX_TIM16_Init-TIM16-false-HAL-true
RCC.ADC12Freq_Value=170000000
RCC.AHBFreq_Value=170000000
RCC.APB1Freq_Value=170000000
RCC.APB1TimFreq_Value=170000000
RCC.APB2Freq_Value=170000000
RCC.APB2TimFreq_Value=170000000
RCC.CK48CLockSelection=RCC_USBCLKSOURCE_HSI48
RCC.CRSFreq_Value=48000000
RCC.CortexFreq_Value=170000000
RCC.EXTERNAL_CLOCK_VALUE=12288000
RCC.FCLKCortexFreq_Value=170000000
RCC.FDCANFreq_Value=170000000
RCC.FamilyName=M
RCC.HCLKFreq_Value=170000000
RCC.HSE_VALUE=8000000
RCC.HSI48_VALUE=48000000
RCC.HSI_VALUE=16000000
RCC.I2C1Freq_Value=170000000
RCC.I2C2Freq_Value=170000000
RCC.I2C3Freq_Value=170000000
RCC.I2SFreq_Value=170000000
RCC.IPParameters=ADC12Freq_Value,AHBFreq_Value,APB1Freq_Value,APB1TimFreq_Value,APB2Freq_Value,APB2TimFreq_Value,CK48CLockSelection,CRSFreq_Value,CortexFreq_Value,EXTERNAL_CLOCK_VALUE,FCLKCortexFreq_Value,FDCANFreq_Value,FamilyName,HCLKFreq_Value,HSE_VALUE,HSI48_VALUE,HSI_VALUE,I2C1Freq_Value,I2C2Freq_Value,I2C3Freq_Value,I2SFreq_Value,LPTIM1Freq_Value,LPUART1Freq_Value,LSCOPinFreq_Value,LSE_VALUE,LSI_VALUE,MCO1PinFreq_Value,PLLM,PLLN,PLLPoutputFreq_Value,PLLQoutputFreq_Value,PLLRCLKFreq_Value,PWRFreq_Value,RNGFreq_Value,SAI1Freq_Value,SYSCLKFreq_VALUE,SYSCLKSource,USART1Freq_Value,USART2Freq_Value,USART3Freq_Value,USBFreq_Value,VCOInputFreq_Value,VCOOutputFreq_Value
RCC.LPTIM1Freq_Value=170000000
RCC.LPUART1Freq_Value=170000000
RCC.LSCOPinFreq_Value=32000
RCC.LSE_VALUE=32768
RCC.LSI_VALUE=32000
RCC.MCO1PinFreq_Value=16000000
RCC.PLLM=RCC_PLLM_DIV4
RCC.PLLN=85
RCC.PLLPoutputFreq_Value=170000000
RCC.PLLQoutputFreq_Value=170000000
RCC.PLLRCLKFreq_Value=170000000
RCC.PWRFreq_Value=170000000
RCC.RNGFreq_Value=48000000
RCC.SAI1Freq_Value=170000000
RCC.SYSCLKFreq_VALUE=170000000
RCC.SYSCLKSource=RCC_SYSCLKSOURCE_PLLCLK
RCC.USART1Freq_Value=170000000
RCC.USART2Freq_Value=170000000
RCC.USART3Freq_Value=170000000
RCC.USBFreq_Value=48000000
RCC.VCOInputFreq_Value=4000000
RCC.VCOOutputFreq_Value=340000000
SH.GPXTI5.0=GPIO_EXTI5
SH.GPXTI5.ConfNb=1
SH.GPXTI7.0=GPIO_EXTI7
SH.GPXTI7.ConfNb=1
SH.GPXTI8.0=GPIO_EXTI8
SH.GPXTI8.ConfNb=1
SH.S_TIM2_CH1.0=TIM2_CH1,Encoder_Interface
SH.S_TIM2_CH1.ConfNb=1
SH.S_TIM2_CH2.0=TIM2_CH2,Encoder_Interface
SH.S_TIM2_CH2.ConfNb=1
SH.S_TIM4_CH2.0=TIM4_CH2,PWM Generation2 CH2
SH.S_TIM4_CH2.ConfNb=1
SPI2.BaudRatePrescaler=SPI_BAUDRATEPRESCALER_8
SPI2.CLKPolarity=SPI_POLARITY_LOW
SPI2.CalculateBaudRate=21.25 MBits/s
SPI2.DataSize=SPI_DATASIZE_8BIT
SPI2.Direction=SPI_DIRECTION_1LINE
SPI2.IPParameters=VirtualType,Mode,Direction,BaudRatePrescaler,CalculateBaudRate,CLKPolarity,DataSize
SPI2.Mode=SPI_MODE_MASTER
SPI2.VirtualType=VM_MASTER
TIM1.AutoReloadPreload=TIM_AUTORELOAD_PRELOAD_ENABLE
TIM1.Channel-PWM\ Generation1\ No\ Output=TIM_CHANNEL_1
TIM1.Channel-PWM\ Generation3\ CH3N=TIM_CHANNEL_3
TIM1.IPParameters=Channel-PWM Generation3 CH3N,PeriodNoDither,Prescaler,AutoReloadPreload,Channel-PWM Generation1 No Output,TIM_MasterOutputTrigger
TIM1.PeriodNoDither=500
TIM1.Prescaler=17-1
TIM1.TIM_MasterOutputTrigger=TIM_TRGO_RESET
TIM16.AutoReloadPreload=TIM_AUTORELOAD_PRELOAD_ENABLE
TIM16.IPParameters=Prescaler,PeriodNoDither,AutoReloadPreload
TIM16.PeriodNoDither=500-1
TIM16.Prescaler=17000-1
TIM17.AutoReloadPreload=TIM_AUTORELOAD_PRELOAD_ENABLE
TIM17.IPParameters=PeriodNoDither,Prescaler,AutoReloadPreload
TIM17.PeriodNoDither=50-1
TIM17.Prescaler=17000-1
TIM2.EncoderMode=TIM_ENCODERMODE_TI12
TIM2.IC1Polarity=TIM_ICPOLARITY_FALLING
TIM2.IPParameters=EncoderMode,IC1Polarity
TIM4.AutoReloadPreload=TIM_AUTORELOAD_PRELOAD_ENABLE
TIM4.Channel-PWM\ Generation2\ CH2=TIM_CHANNEL_2
TIM4.IPParameters=Channel-PWM Generation2 CH2,Prescaler,PeriodNoDither,AutoReloadPreload,PulseNoDither_2
TIM4.PeriodNoDither=10
TIM4.Prescaler=10000-1
TIM4.PulseNoDither_2=0
TIM6.AutoReloadPreload=TIM_AUTORELOAD_PRELOAD_ENABLE
TIM6.IPParameters=Prescaler,PeriodNoDither,AutoReloadPreload
TIM6.PeriodNoDither=250
TIM6.Prescaler=17000-1
TIM7.AutoReloadPreload=TIM_AUTORELOAD_PRELOAD_ENABLE
TIM7.IPParameters=Prescaler,PeriodNoDither,TIM_MasterOutputTrigger,AutoReloadPreload
TIM7.PeriodNoDither=10-1
TIM7.Prescaler=8500-1
TIM7.TIM_MasterOutputTrigger=TIM_TRGO_UPDATE
USART1.BaudRate=256000
USART1.IPParameters=VirtualMode-Asynchronous,BaudRate
USART1.VirtualMode-Asynchronous=VM_ASYNC
VP_ADC1_TempSens_Input.Mode=IN-TempSens
VP_ADC1_TempSens_Input.Signal=ADC1_TempSens_Input
VP_CRC_VS_CRC.Mode=CRC_Activate
VP_CRC_VS_CRC.Signal=CRC_VS_CRC
VP_SYS_VS_DBSignals.Mode=DisableDeadBatterySignals
VP_SYS_VS_DBSignals.Signal=SYS_VS_DBSignals
VP_SYS_VS_Systick.Mode=SysTick
VP_SYS_VS_Systick.Signal=SYS_VS_Systick
VP_TIM16_VS_ClockSourceINT.Mode=Enable_Timer
VP_TIM16_VS_ClockSourceINT.Signal=TIM16_VS_ClockSourceINT
VP_TIM17_VS_ClockSourceINT.Mode=Enable_Timer
VP_TIM17_VS_ClockSourceINT.Signal=TIM17_VS_ClockSourceINT
VP_TIM17_VS_OPM.Mode=OPM_bit
VP_TIM17_VS_OPM.Signal=TIM17_VS_OPM
VP_TIM1_VS_no_output1.Mode=PWM Generation1 No Output
VP_TIM1_VS_no_output1.Signal=TIM1_VS_no_output1
VP_TIM6_VS_ClockSourceINT.Mode=Enable_Timer
VP_TIM6_VS_ClockSourceINT.Signal=TIM6_VS_ClockSourceINT
VP_TIM7_VS_ClockSourceINT.Mode=Enable_Timer
VP_TIM7_VS_ClockSourceINT.Signal=TIM7_VS_ClockSourceINT
VP_TIM7_VS_OPM.Mode=OPM_bit
VP_TIM7_VS_OPM.Signal=TIM7_VS_OPM
VP_TIM8_VS_OPM.Mode=OPM_bit
VP_TIM8_VS_OPM.Signal=TIM8_VS_OPM
board=custom
isbadioc=false
