#MicroXplorer Configuration settings - do not modify
ADC1.Channel-0\#ChannelRegularConversion=ADC_CHANNEL_2
ADC1.ContinuousConvMode=DISABLE
ADC1.DMAContinuousRequests=DISABLE
ADC1.IPParameters=Rank-0\#ChannelRegularConversion,Channel-0\#ChannelRegularConversion,SamplingTime-0\#ChannelRegularConversion,OffsetNumber-0\#ChannelRegularConversion,Offset-0\#ChannelRegularConversion,NbrOfConversionFlag,master,DMAContinuousRequests,ContinuousConvMode
ADC1.NbrOfConversionFlag=1
ADC1.Offset-0\#ChannelRegularConversion=0
ADC1.OffsetNumber-0\#ChannelRegularConversion=ADC_OFFSET_NONE
ADC1.Rank-0\#ChannelRegularConversion=1
ADC1.SamplingTime-0\#ChannelRegularConversion=ADC_SAMPLETIME_1CYCLE_5
ADC1.master=1
ADC3.Channel-1\#ChannelRegularConversion=ADC_CHANNEL_5
ADC3.ContinuousConvMode=ENABLE
ADC3.DMAContinuousRequests=ENABLE
ADC3.EnableInjectedConversion=DISABLE
ADC3.EnableRegularConversion=ENABLE
ADC3.IPParameters=master,Rank1_Channel,ContinuousConvMode,DMAContinuousRequests,Resolution,EnableRegularConversion,Rank-1\#ChannelRegularConversion,Channel-1\#ChannelRegularConversion,SamplingTime-1\#ChannelRegularConversion,SamplingTimeOPAMP-1\#ChannelRegularConversion,OffsetNumber-1\#ChannelRegularConversion,Offset-1\#ChannelRegularConversion,NbrOfConversionFlag,NbrOfConversion,EnableInjectedConversion
ADC3.NbrOfConversion=1
ADC3.NbrOfConversionFlag=1
ADC3.Offset-1\#ChannelRegularConversion=0
ADC3.OffsetNumber-1\#ChannelRegularConversion=ADC_OFFSET_NONE
ADC3.Rank-1\#ChannelRegularConversion=1
ADC3.Rank1_Channel=ADC_CHANNEL_5
ADC3.Resolution=ADC_RESOLUTION_12B
ADC3.SamplingTime-1\#ChannelRegularConversion=ADC_SAMPLETIME_7CYCLES_5
ADC3.SamplingTimeOPAMP-1\#ChannelRegularConversion=ADC_SAMPLETIME_61CYCLES_5
ADC3.master=1
CAD.formats=
CAD.pinconfig=
CAD.provider=
Dma.ADC3.0.Direction=DMA_PERIPH_TO_MEMORY
Dma.ADC3.0.Instance=DMA2_Channel5
Dma.ADC3.0.MemDataAlignment=DMA_MDATAALIGN_HALFWORD
Dma.ADC3.0.MemInc=DMA_MINC_ENABLE
Dma.ADC3.0.Mode=DMA_CIRCULAR
Dma.ADC3.0.PeriphDataAlignment=DMA_PDATAALIGN_HALFWORD
Dma.ADC3.0.PeriphInc=DMA_PINC_DISABLE
Dma.ADC3.0.Priority=DMA_PRIORITY_LOW
Dma.ADC3.0.RequestParameters=Instance,Direction,PeriphInc,MemInc,PeriphDataAlignment,MemDataAlignment,Mode,Priority
Dma.Request0=ADC3
Dma.Request1=SPI1_TX
Dma.RequestsNb=2
Dma.SPI1_TX.1.Direction=DMA_MEMORY_TO_PERIPH
Dma.SPI1_TX.1.Instance=DMA1_Channel3
Dma.SPI1_TX.1.MemDataAlignment=DMA_MDATAALIGN_BYTE
Dma.SPI1_TX.1.MemInc=DMA_MINC_ENABLE
Dma.SPI1_TX.1.Mode=DMA_NORMAL
Dma.SPI1_TX.1.PeriphDataAlignment=DMA_PDATAALIGN_BYTE
Dma.SPI1_TX.1.PeriphInc=DMA_PINC_DISABLE
Dma.SPI1_TX.1.Priority=DMA_PRIORITY_LOW
Dma.SPI1_TX.1.RequestParameters=Instance,Direction,PeriphInc,MemInc,PeriphDataAlignment,MemDataAlignment,Mode,Priority
File.Version=6
GPIO.groupedBy=Group By Peripherals
KeepUserPlacement=false
Mcu.CPN=STM32F303CCT6TR
Mcu.Family=STM32F3
Mcu.IP0=ADC1
Mcu.IP1=ADC3
Mcu.IP10=TIM2
Mcu.IP11=TIM4
Mcu.IP12=TIM6
Mcu.IP13=TIM16
Mcu.IP14=USB
Mcu.IP15=USB_DEVICE
Mcu.IP2=CRC
Mcu.IP3=DMA
Mcu.IP4=I2C1
Mcu.IP5=NVIC
Mcu.IP6=RCC
Mcu.IP7=SPI1
Mcu.IP8=SYS
Mcu.IP9=TIM1
Mcu.IPNb=16
Mcu.Name=STM32F303C(B-C)Tx
Mcu.Package=LQFP48
Mcu.Pin0=PC13
Mcu.Pin1=PF0-OSC_IN
Mcu.Pin10=PA7
Mcu.Pin11=PB0
Mcu.Pin12=PB1
Mcu.Pin13=PB2
Mcu.Pin14=PB10
Mcu.Pin15=PB11
Mcu.Pin16=PB12
Mcu.Pin17=PB13
Mcu.Pin18=PB14
Mcu.Pin19=PB15
Mcu.Pin2=PF1-OSC_OUT
Mcu.Pin20=PA8
Mcu.Pin21=PA11
Mcu.Pin22=PA12
Mcu.Pin23=PA13
Mcu.Pin24=PA14
Mcu.Pin25=PA15
Mcu.Pin26=PB3
Mcu.Pin27=PB4
Mcu.Pin28=PB5
Mcu.Pin29=PB6
Mcu.Pin3=PA0
Mcu.Pin30=PB7
Mcu.Pin31=PB8
Mcu.Pin32=PB9
Mcu.Pin33=VP_ADC1_TempSens_Input
Mcu.Pin34=VP_CRC_VS_CRC
Mcu.Pin35=VP_SYS_VS_Systick
Mcu.Pin36=VP_TIM1_VS_ClockSourceINT
Mcu.Pin37=VP_TIM6_VS_ClockSourceINT
Mcu.Pin38=VP_TIM16_VS_ClockSourceINT
Mcu.Pin39=VP_USB_DEVICE_VS_USB_DEVICE_CDC_FS
Mcu.Pin4=PA1
Mcu.Pin5=PA2
Mcu.Pin6=PA3
Mcu.Pin7=PA4
Mcu.Pin8=PA5
Mcu.Pin9=PA6
Mcu.PinsNb=40
Mcu.ThirdPartyNb=0
Mcu.UserConstants=
Mcu.UserName=STM32F303CCTx
MxCube.Version=6.10.0
MxDb.Version=DB.6.0.100
NVIC.ADC1_2_IRQn=true\:0\:0\:false\:false\:true\:true\:true\:true
NVIC.BusFault_IRQn=true\:0\:0\:false\:false\:true\:false\:false\:false
NVIC.DMA1_Channel3_IRQn=true\:0\:0\:false\:false\:true\:false\:true\:true
NVIC.DMA2_Channel5_IRQn=true\:0\:0\:false\:false\:true\:false\:true\:true
NVIC.DebugMonitor_IRQn=true\:0\:0\:false\:false\:true\:false\:false\:false
NVIC.ForceEnableDMAVector=true
NVIC.HardFault_IRQn=true\:0\:0\:false\:false\:true\:false\:false\:false
NVIC.MemoryManagement_IRQn=true\:0\:0\:false\:false\:true\:false\:false\:false
NVIC.NonMaskableInt_IRQn=true\:0\:0\:false\:false\:true\:false\:false\:false
NVIC.PendSV_IRQn=true\:0\:0\:false\:false\:true\:false\:false\:false
NVIC.PriorityGroup=NVIC_PRIORITYGROUP_4
NVIC.SVCall_IRQn=true\:0\:0\:false\:false\:true\:false\:false\:false
NVIC.SysTick_IRQn=true\:15\:0\:false\:false\:true\:false\:true\:false
NVIC.TIM2_IRQn=true\:0\:0\:false\:false\:true\:true\:true\:true
NVIC.TIM4_IRQn=true\:0\:0\:false\:false\:true\:true\:true\:true
NVIC.TIM6_DAC_IRQn=true\:0\:0\:false\:false\:true\:true\:true\:true
NVIC.USB_LP_CAN_RX0_IRQn=true\:0\:0\:false\:false\:true\:false\:true\:true
NVIC.UsageFault_IRQn=true\:0\:0\:false\:false\:true\:false\:false\:false
PA0.GPIOParameters=GPIO_Label
PA0.GPIO_Label=USR_1
PA0.Locked=true
PA0.Signal=GPIO_Output
PA1.GPIOParameters=GPIO_Label
PA1.GPIO_Label=CURRENT
PA1.Locked=true
PA1.Mode=IN2-Single-Ended
PA1.Signal=ADC1_IN2
PA11.Mode=Device
PA11.Signal=USB_DM
PA12.Mode=Device
PA12.Signal=USB_DP
PA13.Mode=Serial_Wire
PA13.Signal=SYS_JTMS-SWDIO
PA14.Mode=Serial_Wire
PA14.Signal=SYS_JTCK-SWCLK
PA15.GPIOParameters=GPIO_Label
PA15.GPIO_Label=ENC_B
PA15.Locked=true
PA15.Signal=S_TIM2_CH1_ETR
PA2.GPIOParameters=GPIO_Label
PA2.GPIO_Label=TC
PA2.Locked=true
PA2.Mode=IN3-Single-Ended
PA2.Signal=ADC1_IN3
PA3.GPIOParameters=GPIO_Label
PA3.GPIO_Label=SPI1_DC
PA3.Locked=true
PA3.Signal=GPIO_Output
PA4.GPIOParameters=GPIO_Label
PA4.GPIO_Label=SPI1_RST
PA4.Locked=true
PA4.Signal=GPIO_Output
PA5.Mode=Simplex_Bidirectional_Master
PA5.Signal=SPI1_SCK
PA6.GPIOParameters=GPIO_Label
PA6.GPIO_Label=SPI1_CS
PA6.Locked=true
PA6.Signal=GPIO_Output
PA7.Mode=Simplex_Bidirectional_Master
PA7.Signal=SPI1_MOSI
PA8.GPIOParameters=GPIO_Label
PA8.GPIO_Label=USR_2
PA8.Locked=true
PA8.Signal=GPIO_Input
PB0.GPIOParameters=GPIO_Label
PB0.GPIO_Label=SD_CS
PB0.Locked=true
PB0.Signal=GPIO_Output
PB1.GPIOParameters=GPIO_Label
PB1.GPIO_Label=VBIT_0
PB1.Locked=true
PB1.Signal=GPIO_Input
PB10.GPIOParameters=GPIO_Label
PB10.GPIO_Label=VBIT_2
PB10.Locked=true
PB10.Signal=GPIO_Input
PB11.GPIOParameters=GPIO_Label
PB11.GPIO_Label=VBIT_3
PB11.Locked=true
PB11.Signal=GPIO_Input
PB12.GPIOParameters=GPIO_Label
PB12.GPIO_Label=STAND_INP
PB12.Locked=true
PB12.Signal=GPIO_Input
PB13.GPIOParameters=GPIO_Label
PB13.GPIO_Label=V_INP
PB13.Locked=true
PB13.Mode=IN5-Single-Ended
PB13.Signal=ADC3_IN5
PB14.GPIOParameters=GPIO_Label
PB14.GPIO_Label=HANDLE_INP_2
PB14.Locked=true
PB14.Signal=GPIO_Input
PB15.GPIOParameters=GPIO_Label
PB15.GPIO_Label=HANDLE_INP_1
PB15.Locked=true
PB15.Signal=GPIO_Input
PB2.GPIOParameters=GPIO_Label
PB2.GPIO_Label=VBIT_1
PB2.Locked=true
PB2.Signal=GPIO_Input
PB3.GPIOParameters=GPIO_Label
PB3.GPIO_Label=ENC_A
PB3.Locked=true
PB3.Signal=S_TIM2_CH2
PB4.GPIOParameters=GPIO_Label
PB4.GPIO_Label=SW_1
PB4.Locked=true
PB4.Signal=GPIO_Input
PB5.GPIOParameters=GPIO_Label
PB5.GPIO_Label=SW_2
PB5.Locked=true
PB5.Signal=GPIO_Input
PB6.GPIOParameters=GPIO_Label
PB6.GPIO_Label=SW_3
PB6.Locked=true
PB6.Signal=GPIO_Input
PB7.GPIOParameters=GPIO_Label
PB7.GPIO_Label=HEATER
PB7.Locked=true
PB7.Signal=S_TIM4_CH2
PB8.Locked=true
PB8.Mode=I2C
PB8.Signal=I2C1_SCL
PB9.Locked=true
PB9.Mode=I2C
PB9.Signal=I2C1_SDA
PC13.GPIOParameters=GPIO_Label
PC13.GPIO_Label=BUZZER
PC13.Locked=true
PC13.Mode=PWM Generation1 CH1N
PC13.Signal=TIM1_CH1N
PF0-OSC_IN.Mode=HSE-External-Oscillator
PF0-OSC_IN.Signal=RCC_OSC_IN
PF1-OSC_OUT.Mode=HSE-External-Oscillator
PF1-OSC_OUT.Signal=RCC_OSC_OUT
PinOutPanel.RotationAngle=0
ProjectManager.AskForMigrate=true
ProjectManager.BackupPrevious=false
ProjectManager.CompilerOptimize=6
ProjectManager.ComputerToolchain=false
ProjectManager.CoupleFile=false
ProjectManager.CustomerFirmwarePackage=
ProjectManager.DefaultFWLocation=true
ProjectManager.DeletePrevious=true
ProjectManager.DeviceId=STM32F303CCTx
ProjectManager.FirmwarePackage=STM32Cube FW_F3 V1.11.4
ProjectManager.FreePins=false
ProjectManager.HalAssertFull=false
ProjectManager.HeapSize=0x200
ProjectManager.KeepUserCode=true
ProjectManager.LastFirmware=true
ProjectManager.LibraryCopy=1
ProjectManager.MainLocation=Core/Src
ProjectManager.NoMain=false
ProjectManager.PreviousToolchain=STM32CubeIDE
ProjectManager.ProjectBuild=false
ProjectManager.ProjectFileName=AxxSolder.ioc
ProjectManager.ProjectName=AxxSolder
ProjectManager.ProjectStructure=
ProjectManager.RegisterCallBack=
ProjectManager.StackSize=0x400
ProjectManager.TargetToolchain=STM32CubeIDE
ProjectManager.ToolChainLocation=
ProjectManager.UAScriptAfterPath=
ProjectManager.UAScriptBeforePath=
ProjectManager.UnderRoot=true
ProjectManager.functionlistsort=1-SystemClock_Config-RCC-false-HAL-false,2-MX_GPIO_Init-GPIO-false-HAL-true,3-MX_DMA_Init-DMA-false-HAL-true,4-MX_ADC1_Init-ADC1-false-HAL-true,5-MX_ADC3_Init-ADC3-false-HAL-true,6-MX_I2C1_Init-I2C1-false-HAL-true,7-MX_SPI1_Init-SPI1-false-HAL-true,8-MX_TIM1_Init-TIM1-false-HAL-true,9-MX_TIM2_Init-TIM2-false-HAL-true,10-MX_TIM4_Init-TIM4-false-HAL-true,11-MX_CRC_Init-CRC-false-HAL-true,12-MX_TIM16_Init-TIM16-false-HAL-true,13-MX_TIM6_Init-TIM6-false-HAL-true,14-MX_USB_DEVICE_Init-USB_DEVICE-false-HAL-false
RCC.ADC12outputFreq_Value=72000000
RCC.ADC34outputFreq_Value=72000000
RCC.AHBFreq_Value=72000000
RCC.APB1CLKDivider=RCC_HCLK_DIV2
RCC.APB1Freq_Value=36000000
RCC.APB1TimFreq_Value=72000000
RCC.APB2Freq_Value=72000000
RCC.APB2TimFreq_Value=72000000
RCC.CortexFreq_Value=72000000
RCC.FCLKCortexFreq_Value=72000000
RCC.FamilyName=M
RCC.HCLKFreq_Value=72000000
RCC.HSEPLLFreq_Value=8000000
RCC.HSE_VALUE=32000000
RCC.HSICalibrationValue=16
RCC.HSIPLLFreq_Value=4000000
RCC.HSI_VALUE=8000000
RCC.I2C1Freq_Value=8000000
RCC.I2C2Freq_Value=8000000
RCC.IPParameters=ADC12outputFreq_Value,ADC34outputFreq_Value,AHBFreq_Value,APB1CLKDivider,APB1Freq_Value,APB1TimFreq_Value,APB2Freq_Value,APB2TimFreq_Value,CortexFreq_Value,FCLKCortexFreq_Value,FamilyName,HCLKFreq_Value,HSEPLLFreq_Value,HSE_VALUE,HSICalibrationValue,HSIPLLFreq_Value,HSI_VALUE,I2C1Freq_Value,I2C2Freq_Value,LSE_VALUE,LSI_VALUE,MCOFreq_Value,PLLCLKFreq_Value,PLLMCOFreq_Value,PLLMUL,PRESCALERUSB,RCC_PLLsource_Clock_Source_FROM_HSE,RTCFreq_Value,RTCHSEDivFreq_Value,SYSCLKFreq_VALUE,SYSCLKSourceVirtual,TIM1Freq_Value,TIM2Freq_Value,TIM8Freq_Value,USART1Freq_Value,USART2Freq_Value,USART3Freq_Value,USBFreq_Value,VCOOutput2Freq_Value
RCC.LSE_VALUE=32768
RCC.LSI_VALUE=40000
RCC.MCOFreq_Value=72000000
RCC.PLLCLKFreq_Value=72000000
RCC.PLLMCOFreq_Value=36000000
RCC.PLLMUL=RCC_PLL_MUL9
RCC.PRESCALERUSB=RCC_USBCLKSOURCE_PLL_DIV1_5
RCC.RCC_PLLsource_Clock_Source_FROM_HSE=RCC_HSE_PREDIV_DIV4
RCC.RTCFreq_Value=40000
RCC.RTCHSEDivFreq_Value=1000000
RCC.SYSCLKFreq_VALUE=72000000
RCC.SYSCLKSourceVirtual=RCC_SYSCLKSOURCE_PLLCLK
RCC.TIM1Freq_Value=72000000
RCC.TIM2Freq_Value=72000000
RCC.TIM8Freq_Value=72000000
RCC.USART1Freq_Value=72000000
RCC.USART2Freq_Value=36000000
RCC.USART3Freq_Value=36000000
RCC.USBFreq_Value=48000000
RCC.VCOOutput2Freq_Value=8000000
SH.S_TIM2_CH1_ETR.0=TIM2_CH1,Encoder_Interface
SH.S_TIM2_CH1_ETR.ConfNb=1
SH.S_TIM2_CH2.0=TIM2_CH2,Encoder_Interface
SH.S_TIM2_CH2.ConfNb=1
SH.S_TIM4_CH2.0=TIM4_CH2,PWM Generation2 CH2
SH.S_TIM4_CH2.ConfNb=1
SPI1.BaudRatePrescaler=SPI_BAUDRATEPRESCALER_4
SPI1.CLKPolarity=SPI_POLARITY_LOW
SPI1.CalculateBaudRate=18.0 MBits/s
SPI1.DataSize=SPI_DATASIZE_8BIT
SPI1.Direction=SPI_DIRECTION_1LINE
SPI1.IPParameters=VirtualType,Mode,Direction,CalculateBaudRate,DataSize,CLKPolarity,BaudRatePrescaler
SPI1.Mode=SPI_MODE_MASTER
SPI1.VirtualType=VM_MASTER
TIM1.AutoReloadPreload=TIM_AUTORELOAD_PRELOAD_ENABLE
TIM1.Channel-PWM\ Generation1\ CH1N=TIM_CHANNEL_1
TIM1.IPParameters=Channel-PWM Generation1 CH1N,Prescaler,Period,AutoReloadPreload
TIM1.Period=100
TIM1.Prescaler=360-1
TIM2.AutoReloadPreload=TIM_AUTORELOAD_PRELOAD_ENABLE
TIM2.EncoderMode=TIM_ENCODERMODE_TI1
TIM2.IC1Filter=10
TIM2.IC1Polarity=TIM_ICPOLARITY_RISING
TIM2.IC2Filter=10
TIM2.IC2Polarity=TIM_ICPOLARITY_FALLING
TIM2.IPParameters=AutoReloadPreload,IC1Filter,IC2Filter,EncoderMode,IC2Polarity,IC1Polarity
TIM4.Channel-PWM\ Generation2\ CH2=TIM_CHANNEL_2
TIM4.IPParameters=Channel-PWM Generation2 CH2,Prescaler,Period
TIM4.Period=400
TIM4.Prescaler=9-1
TIM6.AutoReloadPreload=TIM_AUTORELOAD_PRELOAD_DISABLE
TIM6.IPParameters=Period,Prescaler,AutoReloadPreload
TIM6.Period=4
TIM6.Prescaler=36000-1
USB_DEVICE.CLASS_NAME_FS=CDC
USB_DEVICE.IPParameters=VirtualMode,VirtualModeFS,CLASS_NAME_FS
USB_DEVICE.VirtualMode=Cdc
USB_DEVICE.VirtualModeFS=Cdc_FS
VP_ADC1_TempSens_Input.Mode=IN-TempSens
VP_ADC1_TempSens_Input.Signal=ADC1_TempSens_Input
VP_CRC_VS_CRC.Mode=CRC_Activate
VP_CRC_VS_CRC.Signal=CRC_VS_CRC
VP_SYS_VS_Systick.Mode=SysTick
VP_SYS_VS_Systick.Signal=SYS_VS_Systick
VP_TIM16_VS_ClockSourceINT.Mode=Enable_Timer
VP_TIM16_VS_ClockSourceINT.Signal=TIM16_VS_ClockSourceINT
VP_TIM1_VS_ClockSourceINT.Mode=Internal
VP_TIM1_VS_ClockSourceINT.Signal=TIM1_VS_ClockSourceINT
VP_TIM6_VS_ClockSourceINT.Mode=Enable_Timer
VP_TIM6_VS_ClockSourceINT.Signal=TIM6_VS_ClockSourceINT
VP_USB_DEVICE_VS_USB_DEVICE_CDC_FS.Mode=CDC_FS
VP_USB_DEVICE_VS_USB_DEVICE_CDC_FS.Signal=USB_DEVICE_VS_USB_DEVICE_CDC_FS
board=custom
isbadioc=false
